
Microsoft Visual Studio Solution File, Format Version 12.00
# Visual Studio Version 16
VisualStudioVersion = 16.0.30717.126
MinimumVisualStudioVersion = 10.0.40219.1
Project("{FAE04EC0-301F-11D3-BF4B-00C04F79EFBC}") = "classmates", "classmates\classmates.csproj", "{EE6E485E-0215-4DC7-B747-D87C0A712364}"
EndProject
Global
	GlobalSection(SolutionConfigurationPlatforms) = preSolution
		Debug|Any CPU = Debug|Any CPU
		Release|Any CPU = Release|Any CPU
	EndGlobalSection
	GlobalSection(ProjectConfigurationPlatforms) = postSolution
		{EE6E485E-0215-4DC7-B747-D87C0A712364}.Debug|Any CPU.ActiveCfg = Debug|Any CPU
		{EE6E485E-0215-4DC7-B747-D87C0A712364}.Debug|Any CPU.Build.0 = Debug|Any CPU
		{EE6E485E-0215-4DC7-B747-D87C0A712364}.Release|Any CPU.ActiveCfg = Release|Any CPU
		{EE6E485E-0215-4DC7-B747-D87C0A712364}.Release|Any CPU.Build.0 = Release|Any CPU
	EndGlobalSection
	GlobalSection(SolutionProperties) = preSolution
		HideSolutionNode = FALSE
	EndGlobalSection
	GlobalSection(ExtensibilityGlobals) = postSolution
		SolutionGuid = {A12D1B5E-C3D8-4FFA-94A3-6105859C6178}
	EndGlobalSection
EndGlobal
